
Microsoft Visual Studio Solution File, Format Version 12.00
# Visual Studio Version 16
VisualStudioVersion = 16.0.29920.165
MinimumVisualStudioVersion = 10.0.40219.1
Project("{FAE04EC0-301F-11D3-BF4B-00C04F79EFBC}") = "mvvmCalculator", "mvvmCalculator\mvvmCalculator.csproj", "{F71DFAF3-D152-41DA-B106-4DA0F65DA0FA}"
EndProject
Global
	GlobalSection(SolutionConfigurationPlatforms) = preSolution
		Debug|Any CPU = Debug|Any CPU
		Release|Any CPU = Release|Any CPU
	EndGlobalSection
	GlobalSection(ProjectConfigurationPlatforms) = postSolution
		{F71DFAF3-D152-41DA-B106-4DA0F65DA0FA}.Debug|Any CPU.ActiveCfg = Debug|Any CPU
		{F71DFAF3-D152-41DA-B106-4DA0F65DA0FA}.Debug|Any CPU.Build.0 = Debug|Any CPU
		{F71DFAF3-D152-41DA-B106-4DA0F65DA0FA}.Release|Any CPU.ActiveCfg = Release|Any CPU
		{F71DFAF3-D152-41DA-B106-4DA0F65DA0FA}.Release|Any CPU.Build.0 = Release|Any CPU
	EndGlobalSection
	GlobalSection(SolutionProperties) = preSolution
		HideSolutionNode = FALSE
	EndGlobalSection
	GlobalSection(ExtensibilityGlobals) = postSolution
		SolutionGuid = {CB80A04B-EA0D-43DE-B48C-E75BF76D3996}
	EndGlobalSection
EndGlobal
