
Microsoft Visual Studio Solution File, Format Version 12.00
# Visual Studio Version 16
VisualStudioVersion = 16.0.29920.165
MinimumVisualStudioVersion = 10.0.40219.1
Project("{FAE04EC0-301F-11D3-BF4B-00C04F79EFBC}") = "WpfMailSenderClient", "WpfMailSenderClient\WpfMailSenderClient.csproj", "{B00057E7-310F-41D5-87FE-651B6B0DE8CE}"
	ProjectSection(ProjectDependencies) = postProject
		{64002F78-93DA-487D-8AA4-9CF579087E67} = {64002F78-93DA-487D-8AA4-9CF579087E67}
	EndProjectSection
EndProject
Project("{FAE04EC0-301F-11D3-BF4B-00C04F79EFBC}") = "MailSenderService", "..\MailSenderService\MailSenderService\MailSenderService.csproj", "{64002F78-93DA-487D-8AA4-9CF579087E67}"
EndProject
Global
	GlobalSection(SolutionConfigurationPlatforms) = preSolution
		Debug|Any CPU = Debug|Any CPU
		Release|Any CPU = Release|Any CPU
	EndGlobalSection
	GlobalSection(ProjectConfigurationPlatforms) = postSolution
		{B00057E7-310F-41D5-87FE-651B6B0DE8CE}.Debug|Any CPU.ActiveCfg = Debug|Any CPU
		{B00057E7-310F-41D5-87FE-651B6B0DE8CE}.Debug|Any CPU.Build.0 = Debug|Any CPU
		{B00057E7-310F-41D5-87FE-651B6B0DE8CE}.Release|Any CPU.ActiveCfg = Release|Any CPU
		{B00057E7-310F-41D5-87FE-651B6B0DE8CE}.Release|Any CPU.Build.0 = Release|Any CPU
		{64002F78-93DA-487D-8AA4-9CF579087E67}.Debug|Any CPU.ActiveCfg = Debug|Any CPU
		{64002F78-93DA-487D-8AA4-9CF579087E67}.Debug|Any CPU.Build.0 = Debug|Any CPU
		{64002F78-93DA-487D-8AA4-9CF579087E67}.Release|Any CPU.ActiveCfg = Release|Any CPU
		{64002F78-93DA-487D-8AA4-9CF579087E67}.Release|Any CPU.Build.0 = Release|Any CPU
	EndGlobalSection
	GlobalSection(SolutionProperties) = preSolution
		HideSolutionNode = FALSE
	EndGlobalSection
	GlobalSection(ExtensibilityGlobals) = postSolution
		SolutionGuid = {D09416CB-6CF9-4A49-8090-C20B16862C46}
	EndGlobalSection
EndGlobal
